
Microsoft Visual Studio Solution File, Format Version 12.00
# Visual Studio 15
VisualStudioVersion = 15.0.27703.2042
MinimumVisualStudioVersion = 10.0.40219.1
Project("{FAE04EC0-301F-11D3-BF4B-00C04F79EFBC}") = "ChromeWpf", "ChromeWpf\ChromeWpf.csproj", "{DFB3E3D8-36E1-4B17-B07A-D97B17A90153}"
EndProject
Global
	GlobalSection(SolutionConfigurationPlatforms) = preSolution
		Debug|Any CPU = Debug|Any CPU
		Release|Any CPU = Release|Any CPU
	EndGlobalSection
	GlobalSection(ProjectConfigurationPlatforms) = postSolution
		{DFB3E3D8-36E1-4B17-B07A-D97B17A90153}.Debug|Any CPU.ActiveCfg = Debug|Any CPU
		{DFB3E3D8-36E1-4B17-B07A-D97B17A90153}.Debug|Any CPU.Build.0 = Debug|Any CPU
		{DFB3E3D8-36E1-4B17-B07A-D97B17A90153}.Release|Any CPU.ActiveCfg = Release|Any CPU
		{DFB3E3D8-36E1-4B17-B07A-D97B17A90153}.Release|Any CPU.Build.0 = Release|Any CPU
	EndGlobalSection
	GlobalSection(SolutionProperties) = preSolution
		HideSolutionNode = FALSE
	EndGlobalSection
	GlobalSection(ExtensibilityGlobals) = postSolution
		SolutionGuid = {A6674F08-BFAB-4070-A53D-521D83791C36}
	EndGlobalSection
EndGlobal
